// !$*UTF8*$!
{
	archiveVersion = 1;
	classes = {
	};
	objectVersion = 55;
	objects = {

/* Begin PBXBuildFile section */
		492F225428D6B86E009A4CEF /* Tests_iOS.swift in Sources */ = {isa = PBXBuildFile; fileRef = 492F225328D6B86E009A4CEF /* Tests_iOS.swift */; };
		492F225628D6B86E009A4CEF /* Tests_iOSLaunchTests.swift in Sources */ = {isa = PBXBuildFile; fileRef = 492F225528D6B86E009A4CEF /* Tests_iOSLaunchTests.swift */; };
		492F226028D6B86E009A4CEF /* Tests_macOS.swift in Sources */ = {isa = PBXBuildFile; fileRef = 492F225F28D6B86E009A4CEF /* Tests_macOS.swift */; };
		492F226228D6B86E009A4CEF /* Tests_macOSLaunchTests.swift in Sources */ = {isa = PBXBuildFile; fileRef = 492F226128D6B86E009A4CEF /* Tests_macOSLaunchTests.swift */; };
		492F226328D6B86E009A4CEF /* profile01App.swift in Sources */ = {isa = PBXBuildFile; fileRef = 492F223B28D6B86D009A4CEF /* profile01App.swift */; };
		492F226428D6B86E009A4CEF /* profile01App.swift in Sources */ = {isa = PBXBuildFile; fileRef = 492F223B28D6B86D009A4CEF /* profile01App.swift */; };
		492F226528D6B86E009A4CEF /* ContentView.swift in Sources */ = {isa = PBXBuildFile; fileRef = 492F223C28D6B86D009A4CEF /* ContentView.swift */; };
		492F226628D6B86E009A4CEF /* ContentView.swift in Sources */ = {isa = PBXBuildFile; fileRef = 492F223C28D6B86D009A4CEF /* ContentView.swift */; };
		492F226728D6B86E009A4CEF /* Assets.xcassets in Resources */ = {isa = PBXBuildFile; fileRef = 492F223D28D6B86E009A4CEF /* Assets.xcassets */; };
		492F226828D6B86E009A4CEF /* Assets.xcassets in Resources */ = {isa = PBXBuildFile; fileRef = 492F223D28D6B86E009A4CEF /* Assets.xcassets */; };
/* End PBXBuildFile section */

/* Begin PBXContainerItemProxy section */
		492F225028D6B86E009A4CEF /* PBXContainerItemProxy */ = {
			isa = PBXContainerItemProxy;
			containerPortal = 492F223628D6B86D009A4CEF /* Project object */;
			proxyType = 1;
			remoteGlobalIDString = 492F224128D6B86E009A4CEF;
			remoteInfo = "profile01 (iOS)";
		};
		492F225C28D6B86E009A4CEF /* PBXContainerItemProxy */ = {
			isa = PBXContainerItemProxy;
			containerPortal = 492F223628D6B86D009A4CEF /* Project object */;
			proxyType = 1;
			remoteGlobalIDString = 492F224728D6B86E009A4CEF;
			remoteInfo = "profile01 (macOS)";
		};
/* End PBXContainerItemProxy section */

/* Begin PBXFileReference section */
		492F223B28D6B86D009A4CEF /* profile01App.swift */ = {isa = PBXFileReference; lastKnownFileType = sourcecode.swift; path = profile01App.swift; sourceTree = "<group>"; };
		492F223C28D6B86D009A4CEF /* ContentView.swift */ = {isa = PBXFileReference; lastKnownFileType = sourcecode.swift; path = ContentView.swift; sourceTree = "<group>"; };
		492F223D28D6B86E009A4CEF /* Assets.xcassets */ = {isa = PBXFileReference; lastKnownFileType = folder.assetcatalog; path = Assets.xcassets; sourceTree = "<group>"; };
		492F224228D6B86E009A4CEF /* profile01.app */ = {isa = PBXFileReference; explicitFileType = wrapper.application; includeInIndex = 0; path = profile01.app; sourceTree = BUILT_PRODUCTS_DIR; };
		492F224828D6B86E009A4CEF /* profile01.app */ = {isa = PBXFileReference; explicitFileType = wrapper.application; includeInIndex = 0; path = profile01.app; sourceTree = BUILT_PRODUCTS_DIR; };
		492F224A28D6B86E009A4CEF /* macOS.entitlements */ = {isa = PBXFileReference; lastKnownFileType = text.plist.entitlements; path = macOS.entitlements; sourceTree = "<group>"; };
		492F224F28D6B86E009A4CEF /* Tests iOS.xctest */ = {isa = PBXFileReference; explicitFileType = wrapper.cfbundle; includeInIndex = 0; path = "Tests iOS.xctest"; sourceTree = BUILT_PRODUCTS_DIR; };
		492F225328D6B86E009A4CEF /* Tests_iOS.swift */ = {isa = PBXFileReference; lastKnownFileType = sourcecode.swift; path = Tests_iOS.swift; sourceTree = "<group>"; };
		492F225528D6B86E009A4CEF /* Tests_iOSLaunchTests.swift */ = {isa = PBXFileReference; lastKnownFileType = sourcecode.swift; path = Tests_iOSLaunchTests.swift; sourceTree = "<group>"; };
		492F225B28D6B86E009A4CEF /* Tests macOS.xctest */ = {isa = PBXFileReference; explicitFileType = wrapper.cfbundle; includeInIndex = 0; path = "Tests macOS.xctest"; sourceTree = BUILT_PRODUCTS_DIR; };
		492F225F28D6B86E009A4CEF /* Tests_macOS.swift */ = {isa = PBXFileReference; lastKnownFileType = sourcecode.swift; path = Tests_macOS.swift; sourceTree = "<group>"; };
		492F226128D6B86E009A4CEF /* Tests_macOSLaunchTests.swift */ = {isa = PBXFileReference; lastKnownFileType = sourcecode.swift; path = Tests_macOSLaunchTests.swift; sourceTree = "<group>"; };
/* End PBXFileReference section */

/* Begin PBXFrameworksBuildPhase section */
		492F223F28D6B86E009A4CEF /* Frameworks */ = {
			isa = PBXFrameworksBuildPhase;
			buildActionMask = 2147483647;
			files = (
			);
			runOnlyForDeploymentPostprocessing = 0;
		};
		492F224528D6B86E009A4CEF /* Frameworks */ = {
			isa = PBXFrameworksBuildPhase;
			buildActionMask = 2147483647;
			files = (
			);
			runOnlyForDeploymentPostprocessing = 0;
		};
		492F224C28D6B86E009A4CEF /* Frameworks */ = {
			isa = PBXFrameworksBuildPhase;
			buildActionMask = 2147483647;
			files = (
			);
			runOnlyForDeploymentPostprocessing = 0;
		};
		492F225828D6B86E009A4CEF /* Frameworks */ = {
			isa = PBXFrameworksBuildPhase;
			buildActionMask = 2147483647;
			files = (
			);
			runOnlyForDeploymentPostprocessing = 0;
		};
/* End PBXFrameworksBuildPhase section */

/* Begin PBXGroup section */
		492F223528D6B86D009A4CEF = {
			isa = PBXGroup;
			children = (
				492F223A28D6B86D009A4CEF /* Shared */,
				492F224928D6B86E009A4CEF /* macOS */,
				492F225228D6B86E009A4CEF /* Tests iOS */,
				492F225E28D6B86E009A4CEF /* Tests macOS */,
				492F224328D6B86E009A4CEF /* Products */,
			);
			sourceTree = "<group>";
		};
		492F223A28D6B86D009A4CEF /* Shared */ = {
			isa = PBXGroup;
			children = (
				492F223B28D6B86D009A4CEF /* profile01App.swift */,
				492F223C28D6B86D009A4CEF /* ContentView.swift */,
				492F223D28D6B86E009A4CEF /* Assets.xcassets */,
			);
			path = Shared;
			sourceTree = "<group>";
		};
		492F224328D6B86E009A4CEF /* Products */ = {
			isa = PBXGroup;
			children = (
				492F224228D6B86E009A4CEF /* profile01.app */,
				492F224828D6B86E009A4CEF /* profile01.app */,
				492F224F28D6B86E009A4CEF /* Tests iOS.xctest */,
				492F225B28D6B86E009A4CEF /* Tests macOS.xctest */,
			);
			name = Products;
			sourceTree = "<group>";
		};
		492F224928D6B86E009A4CEF /* macOS */ = {
			isa = PBXGroup;
			children = (
				492F224A28D6B86E009A4CEF /* macOS.entitlements */,
			);
			path = macOS;
			sourceTree = "<group>";
		};
		492F225228D6B86E009A4CEF /* Tests iOS */ = {
			isa = PBXGroup;
			children = (
				492F225328D6B86E009A4CEF /* Tests_iOS.swift */,
				492F225528D6B86E009A4CEF /* Tests_iOSLaunchTests.swift */,
			);
			path = "Tests iOS";
			sourceTree = "<group>";
		};
		492F225E28D6B86E009A4CEF /* Tests macOS */ = {
			isa = PBXGroup;
			children = (
				492F225F28D6B86E009A4CEF /* Tests_macOS.swift */,
				492F226128D6B86E009A4CEF /* Tests_macOSLaunchTests.swift */,
			);
			path = "Tests macOS";
			sourceTree = "<group>";
		};
/* End PBXGroup section */

/* Begin PBXNativeTarget section */
		492F224128D6B86E009A4CEF /* profile01 (iOS) */ = {
			isa = PBXNativeTarget;
			buildConfigurationList = 492F226B28D6B86E009A4CEF /* Build configuration list for PBXNativeTarget "profile01 (iOS)" */;
			buildPhases = (
				492F223E28D6B86E009A4CEF /* Sources */,
				492F223F28D6B86E009A4CEF /* Frameworks */,
				492F224028D6B86E009A4CEF /* Resources */,
			);
			buildRules = (
			);
			dependencies = (
			);
			name = "profile01 (iOS)";
			productName = "profile01 (iOS)";
			productReference = 492F224228D6B86E009A4CEF /* profile01.app */;
			productType = "com.apple.product-type.application";
		};
		492F224728D6B86E009A4CEF /* profile01 (macOS) */ = {
			isa = PBXNativeTarget;
			buildConfigurationList = 492F226E28D6B86E009A4CEF /* Build configuration list for PBXNativeTarget "profile01 (macOS)" */;
			buildPhases = (
				492F224428D6B86E009A4CEF /* Sources */,
				492F224528D6B86E009A4CEF /* Frameworks */,
				492F224628D6B86E009A4CEF /* Resources */,
			);
			buildRules = (
			);
			dependencies = (
			);
			name = "profile01 (macOS)";
			productName = "profile01 (macOS)";
			productReference = 492F224828D6B86E009A4CEF /* profile01.app */;
			productType = "com.apple.product-type.application";
		};
		492F224E28D6B86E009A4CEF /* Tests iOS */ = {
			isa = PBXNativeTarget;
			buildConfigurationList = 492F227128D6B86E009A4CEF /* Build configuration list for PBXNativeTarget "Tests iOS" */;
			buildPhases = (
				492F224B28D6B86E009A4CEF /* Sources */,
				492F224C28D6B86E009A4CEF /* Frameworks */,
				492F224D28D6B86E009A4CEF /* Resources */,
			);
			buildRules = (
			);
			dependencies = (
				492F225128D6B86E009A4CEF /* PBXTargetDependency */,
			);
			name = "Tests iOS";
			productName = "Tests iOS";
			productReference = 492F224F28D6B86E009A4CEF /* Tests iOS.xctest */;
			productType = "com.apple.product-type.bundle.ui-testing";
		};
		492F225A28D6B86E009A4CEF /* Tests macOS */ = {
			isa = PBXNativeTarget;
			buildConfigurationList = 492F227428D6B86E009A4CEF /* Build configuration list for PBXNativeTarget "Tests macOS" */;
			buildPhases = (
				492F225728D6B86E009A4CEF /* Sources */,
				492F225828D6B86E009A4CEF /* Frameworks */,
				492F225928D6B86E009A4CEF /* Resources */,
			);
			buildRules = (
			);
			dependencies = (
				492F225D28D6B86E009A4CEF /* PBXTargetDependency */,
			);
			name = "Tests macOS";
			productName = "Tests macOS";
			productReference = 492F225B28D6B86E009A4CEF /* Tests macOS.xctest */;
			productType = "com.apple.product-type.bundle.ui-testing";
		};
/* End PBXNativeTarget section */

/* Begin PBXProject section */
		492F223628D6B86D009A4CEF /* Project object */ = {
			isa = PBXProject;
			attributes = {
				BuildIndependentTargetsInParallel = 1;
				LastSwiftUpdateCheck = 1340;
				LastUpgradeCheck = 1340;
				TargetAttributes = {
					492F224128D6B86E009A4CEF = {
						CreatedOnToolsVersion = 13.4;
					};
					492F224728D6B86E009A4CEF = {
						CreatedOnToolsVersion = 13.4;
					};
					492F224E28D6B86E009A4CEF = {
						CreatedOnToolsVersion = 13.4;
						TestTargetID = 492F224128D6B86E009A4CEF;
					};
					492F225A28D6B86E009A4CEF = {
						CreatedOnToolsVersion = 13.4;
						TestTargetID = 492F224728D6B86E009A4CEF;
					};
				};
			};
			buildConfigurationList = 492F223928D6B86D009A4CEF /* Build configuration list for PBXProject "profile01" */;
			compatibilityVersion = "Xcode 13.0";
			developmentRegion = en;
			hasScannedForEncodings = 0;
			knownRegions = (
				en,
				Base,
			);
			mainGroup = 492F223528D6B86D009A4CEF;
			productRefGroup = 492F224328D6B86E009A4CEF /* Products */;
			projectDirPath = "";
			projectRoot = "";
			targets = (
				492F224128D6B86E009A4CEF /* profile01 (iOS) */,
				492F224728D6B86E009A4CEF /* profile01 (macOS) */,
				492F224E28D6B86E009A4CEF /* Tests iOS */,
				492F225A28D6B86E009A4CEF /* Tests macOS */,
			);
		};
/* End PBXProject section */

/* Begin PBXResourcesBuildPhase section */
		492F224028D6B86E009A4CEF /* Resources */ = {
			isa = PBXResourcesBuildPhase;
			buildActionMask = 2147483647;
			files = (
				492F226728D6B86E009A4CEF /* Assets.xcassets in Resources */,
			);
			runOnlyForDeploymentPostprocessing = 0;
		};
		492F224628D6B86E009A4CEF /* Resources */ = {
			isa = PBXResourcesBuildPhase;
			buildActionMask = 2147483647;
			files = (
				492F226828D6B86E009A4CEF /* Assets.xcassets in Resources */,
			);
			runOnlyForDeploymentPostprocessing = 0;
		};
		492F224D28D6B86E009A4CEF /* Resources */ = {
			isa = PBXResourcesBuildPhase;
			buildActionMask = 2147483647;
			files = (
			);
			runOnlyForDeploymentPostprocessing = 0;
		};
		492F225928D6B86E009A4CEF /* Resources */ = {
			isa = PBXResourcesBuildPhase;
			buildActionMask = 2147483647;
			files = (
			);
			runOnlyForDeploymentPostprocessing = 0;
		};
/* End PBXResourcesBuildPhase section */

/* Begin PBXSourcesBuildPhase section */
		492F223E28D6B86E009A4CEF /* Sources */ = {
			isa = PBXSourcesBuildPhase;
			buildActionMask = 2147483647;
			files = (
				492F226528D6B86E009A4CEF /* ContentView.swift in Sources */,
				492F226328D6B86E009A4CEF /* profile01App.swift in Sources */,
			);
			runOnlyForDeploymentPostprocessing = 0;
		};
		492F224428D6B86E009A4CEF /* Sources */ = {
			isa = PBXSourcesBuildPhase;
			buildActionMask = 2147483647;
			files = (
				492F226628D6B86E009A4CEF /* ContentView.swift in Sources */,
				492F226428D6B86E009A4CEF /* profile01App.swift in Sources */,
			);
			runOnlyForDeploymentPostprocessing = 0;
		};
		492F224B28D6B86E009A4CEF /* Sources */ = {
			isa = PBXSourcesBuildPhase;
			buildActionMask = 2147483647;
			files = (
				492F225628D6B86E009A4CEF /* Tests_iOSLaunchTests.swift in Sources */,
				492F225428D6B86E009A4CEF /* Tests_iOS.swift in Sources */,
			);
			runOnlyForDeploymentPostprocessing = 0;
		};
		492F225728D6B86E009A4CEF /* Sources */ = {
			isa = PBXSourcesBuildPhase;
			buildActionMask = 2147483647;
			files = (
				492F226228D6B86E009A4CEF /* Tests_macOSLaunchTests.swift in Sources */,
				492F226028D6B86E009A4CEF /* Tests_macOS.swift in Sources */,
			);
			runOnlyForDeploymentPostprocessing = 0;
		};
/* End PBXSourcesBuildPhase section */

/* Begin PBXTargetDependency section */
		492F225128D6B86E009A4CEF /* PBXTargetDependency */ = {
			isa = PBXTargetDependency;
			target = 492F224128D6B86E009A4CEF /* profile01 (iOS) */;
			targetProxy = 492F225028D6B86E009A4CEF /* PBXContainerItemProxy */;
		};
		492F225D28D6B86E009A4CEF /* PBXTargetDependency */ = {
			isa = PBXTargetDependency;
			target = 492F224728D6B86E009A4CEF /* profile01 (macOS) */;
			targetProxy = 492F225C28D6B86E009A4CEF /* PBXContainerItemProxy */;
		};
/* End PBXTargetDependency section */

/* Begin XCBuildConfiguration section */
		492F226928D6B86E009A4CEF /* Debug */ = {
			isa = XCBuildConfiguration;
			buildSettings = {
				ALWAYS_SEARCH_USER_PATHS = NO;
				CLANG_ANALYZER_NONNULL = YES;
				CLANG_ANALYZER_NUMBER_OBJECT_CONVERSION = YES_AGGRESSIVE;
				CLANG_CXX_LANGUAGE_STANDARD = "gnu++17";
				CLANG_ENABLE_MODULES = YES;
				CLANG_ENABLE_OBJC_ARC = YES;
				CLANG_ENABLE_OBJC_WEAK = YES;
				CLANG_WARN_BLOCK_CAPTURE_AUTORELEASING = YES;
				CLANG_WARN_BOOL_CONVERSION = YES;
				CLANG_WARN_COMMA = YES;
				CLANG_WARN_CONSTANT_CONVERSION = YES;
				CLANG_WARN_DEPRECATED_OBJC_IMPLEMENTATIONS = YES;
				CLANG_WARN_DIRECT_OBJC_ISA_USAGE = YES_ERROR;
				CLANG_WARN_DOCUMENTATION_COMMENTS = YES;
				CLANG_WARN_EMPTY_BODY = YES;
				CLANG_WARN_ENUM_CONVERSION = YES;
				CLANG_WARN_INFINITE_RECURSION = YES;
				CLANG_WARN_INT_CONVERSION = YES;
				CLANG_WARN_NON_LITERAL_NULL_CONVERSION = YES;
				CLANG_WARN_OBJC_IMPLICIT_RETAIN_SELF = YES;
				CLANG_WARN_OBJC_LITERAL_CONVERSION = YES;
				CLANG_WARN_OBJC_ROOT_CLASS = YES_ERROR;
				CLANG_WARN_QUOTED_INCLUDE_IN_FRAMEWORK_HEADER = YES;
				CLANG_WARN_RANGE_LOOP_ANALYSIS = YES;
				CLANG_WARN_STRICT_PROTOTYPES = YES;
				CLANG_WARN_SUSPICIOUS_MOVE = YES;
				CLANG_WARN_UNGUARDED_AVAILABILITY = YES_AGGRESSIVE;
				CLANG_WARN_UNREACHABLE_CODE = YES;
				CLANG_WARN__DUPLICATE_METHOD_MATCH = YES;
				COPY_PHASE_STRIP = NO;
				DEBUG_INFORMATION_FORMAT = dwarf;
				ENABLE_STRICT_OBJC_MSGSEND = YES;
				ENABLE_TESTABILITY = YES;
				GCC_C_LANGUAGE_STANDARD = gnu11;
				GCC_DYNAMIC_NO_PIC = NO;
				GCC_NO_COMMON_BLOCKS = YES;
				GCC_OPTIMIZATION_LEVEL = 0;
				GCC_PREPROCESSOR_DEFINITIONS = (
					"DEBUG=1",
					"$(inherited)",
				);
				GCC_WARN_64_TO_32_BIT_CONVERSION = YES;
				GCC_WARN_ABOUT_RETURN_TYPE = YES_ERROR;
				GCC_WARN_UNDECLARED_SELECTOR = YES;
				GCC_WARN_UNINITIALIZED_AUTOS = YES_AGGRESSIVE;
				GCC_WARN_UNUSED_FUNCTION = YES;
				GCC_WARN_UNUSED_VARIABLE = YES;
				MTL_ENABLE_DEBUG_INFO = INCLUDE_SOURCE;
				MTL_FAST_MATH = YES;
				ONLY_ACTIVE_ARCH = YES;
				SWIFT_ACTIVE_COMPILATION_CONDITIONS = DEBUG;
				SWIFT_OPTIMIZATION_LEVEL = "-Onone";
			};
			name = Debug;
		};
		492F226A28D6B86E009A4CEF /* Release */ = {
			isa = XCBuildConfiguration;
			buildSettings = {
				ALWAYS_SEARCH_USER_PATHS = NO;
				CLANG_ANALYZER_NONNULL = YES;
				CLANG_ANALYZER_NUMBER_OBJECT_CONVERSION = YES_AGGRESSIVE;
				CLANG_CXX_LANGUAGE_STANDARD = "gnu++17";
				CLANG_ENABLE_MODULES = YES;
				CLANG_ENABLE_OBJC_ARC = YES;
				CLANG_ENABLE_OBJC_WEAK = YES;
				CLANG_WARN_BLOCK_CAPTURE_AUTORELEASING = YES;
				CLANG_WARN_BOOL_CONVERSION = YES;
				CLANG_WARN_COMMA = YES;
				CLANG_WARN_CONSTANT_CONVERSION = YES;
				CLANG_WARN_DEPRECATED_OBJC_IMPLEMENTATIONS = YES;
				CLANG_WARN_DIRECT_OBJC_ISA_USAGE = YES_ERROR;
				CLANG_WARN_DOCUMENTATION_COMMENTS = YES;
				CLANG_WARN_EMPTY_BODY = YES;
				CLANG_WARN_ENUM_CONVERSION = YES;
				CLANG_WARN_INFINITE_RECURSION = YES;
				CLANG_WARN_INT_CONVERSION = YES;
				CLANG_WARN_NON_LITERAL_NULL_CONVERSION = YES;
				CLANG_WARN_OBJC_IMPLICIT_RETAIN_SELF = YES;
				CLANG_WARN_OBJC_LITERAL_CONVERSION = YES;
				CLANG_WARN_OBJC_ROOT_CLASS = YES_ERROR;
				CLANG_WARN_QUOTED_INCLUDE_IN_FRAMEWORK_HEADER = YES;
				CLANG_WARN_RANGE_LOOP_ANALYSIS = YES;
				CLANG_WARN_STRICT_PROTOTYPES = YES;
				CLANG_WARN_SUSPICIOUS_MOVE = YES;
				CLANG_WARN_UNGUARDED_AVAILABILITY = YES_AGGRESSIVE;
				CLANG_WARN_UNREACHABLE_CODE = YES;
				CLANG_WARN__DUPLICATE_METHOD_MATCH = YES;
				COPY_PHASE_STRIP = NO;
				DEBUG_INFORMATION_FORMAT = "dwarf-with-dsym";
				ENABLE_NS_ASSERTIONS = NO;
				ENABLE_STRICT_OBJC_MSGSEND = YES;
				GCC_C_LANGUAGE_STANDARD = gnu11;
				GCC_NO_COMMON_BLOCKS = YES;
				GCC_WARN_64_TO_32_BIT_CONVERSION = YES;
				GCC_WARN_ABOUT_RETURN_TYPE = YES_ERROR;
				GCC_WARN_UNDECLARED_SELECTOR = YES;
				GCC_WARN_UNINITIALIZED_AUTOS = YES_AGGRESSIVE;
				GCC_WARN_UNUSED_FUNCTION = YES;
				GCC_WARN_UNUSED_VARIABLE = YES;
				MTL_ENABLE_DEBUG_INFO = NO;
				MTL_FAST_MATH = YES;
				SWIFT_COMPILATION_MODE = wholemodule;
				SWIFT_OPTIMIZATION_LEVEL = "-O";
			};
			name = Release;
		};
		492F226C28D6B86E009A4CEF /* Debug */ = {
			isa = XCBuildConfiguration;
			buildSettings = {
				ASSETCATALOG_COMPILER_APPICON_NAME = AppIcon;
				ASSETCATALOG_COMPILER_GLOBAL_ACCENT_COLOR_NAME = AccentColor;
				CODE_SIGN_STYLE = Automatic;
				CURRENT_PROJECT_VERSION = 1;
				DEVELOPMENT_TEAM = KMFMXZKJMP;
				ENABLE_PREVIEWS = YES;
				GENERATE_INFOPLIST_FILE = YES;
				INFOPLIST_KEY_UIApplicationSceneManifest_Generation = YES;
				INFOPLIST_KEY_UIApplicationSupportsIndirectInputEvents = YES;
				INFOPLIST_KEY_UILaunchScreen_Generation = YES;
				INFOPLIST_KEY_UISupportedInterfaceOrientations_iPad = "UIInterfaceOrientationPortrait UIInterfaceOrientationPortraitUpsideDown UIInterfaceOrientationLandscapeLeft UIInterfaceOrientationLandscapeRight";
				INFOPLIST_KEY_UISupportedInterfaceOrientations_iPhone = "UIInterfaceOrientationPortrait UIInterfaceOrientationLandscapeLeft UIInterfaceOrientationLandscapeRight";
				IPHONEOS_DEPLOYMENT_TARGET = 15.5;
				LD_RUNPATH_SEARCH_PATHS = (
					"$(inherited)",
					"@executable_path/Frameworks",
				);
				MARKETING_VERSION = 1.0;
				PRODUCT_BUNDLE_IDENTIFIER = com.egample.profile01;
				PRODUCT_NAME = profile01;
				SDKROOT = iphoneos;
				SWIFT_EMIT_LOC_STRINGS = YES;
				SWIFT_VERSION = 5.0;
				TARGETED_DEVICE_FAMILY = "1,2";
			};
			name = Debug;
		};
		492F226D28D6B86E009A4CEF /* Release */ = {
			isa = XCBuildConfiguration;
			buildSettings = {
				ASSETCATALOG_COMPILER_APPICON_NAME = AppIcon;
				ASSETCATALOG_COMPILER_GLOBAL_ACCENT_COLOR_NAME = AccentColor;
				CODE_SIGN_STYLE = Automatic;
				CURRENT_PROJECT_VERSION = 1;
				DEVELOPMENT_TEAM = KMFMXZKJMP;
				ENABLE_PREVIEWS = YES;
				GENERATE_INFOPLIST_FILE = YES;
				INFOPLIST_KEY_UIApplicationSceneManifest_Generation = YES;
				INFOPLIST_KEY_UIApplicationSupportsIndirectInputEvents = YES;
				INFOPLIST_KEY_UILaunchScreen_Generation = YES;
				INFOPLIST_KEY_UISupportedInterfaceOrientations_iPad = "UIInterfaceOrientationPortrait UIInterfaceOrientationPortraitUpsideDown UIInterfaceOrientationLandscapeLeft UIInterfaceOrientationLandscapeRight";
				INFOPLIST_KEY_UISupportedInterfaceOrientations_iPhone = "UIInterfaceOrientationPortrait UIInterfaceOrientationLandscapeLeft UIInterfaceOrientationLandscapeRight";
				IPHONEOS_DEPLOYMENT_TARGET = 15.5;
				LD_RUNPATH_SEARCH_PATHS = (
					"$(inherited)",
					"@executable_path/Frameworks",
				);
				MARKETING_VERSION = 1.0;
				PRODUCT_BUNDLE_IDENTIFIER = com.egample.profile01;
				PRODUCT_NAME = profile01;
				SDKROOT = iphoneos;
				SWIFT_EMIT_LOC_STRINGS = YES;
				SWIFT_VERSION = 5.0;
				TARGETED_DEVICE_FAMILY = "1,2";
				VALIDATE_PRODUCT = YES;
			};
			name = Release;
		};
		492F226F28D6B86E009A4CEF /* Debug */ = {
			isa = XCBuildConfiguration;
			buildSettings = {
				ASSETCATALOG_COMPILER_APPICON_NAME = AppIcon;
				ASSETCATALOG_COMPILER_GLOBAL_ACCENT_COLOR_NAME = AccentColor;
				CODE_SIGN_ENTITLEMENTS = macOS/macOS.entitlements;
				CODE_SIGN_STYLE = Automatic;
				COMBINE_HIDPI_IMAGES = YES;
				CURRENT_PROJECT_VERSION = 1;
				DEVELOPMENT_TEAM = KMFMXZKJMP;
				ENABLE_HARDENED_RUNTIME = YES;
				ENABLE_PREVIEWS = YES;
				GENERATE_INFOPLIST_FILE = YES;
				INFOPLIST_KEY_NSHumanReadableCopyright = "";
				LD_RUNPATH_SEARCH_PATHS = (
					"$(inherited)",
					"@executable_path/../Frameworks",
				);
				MACOSX_DEPLOYMENT_TARGET = 12.3;
				MARKETING_VERSION = 1.0;
				PRODUCT_BUNDLE_IDENTIFIER = com.egample.profile01;
				PRODUCT_NAME = profile01;
				SDKROOT = macosx;
				SWIFT_EMIT_LOC_STRINGS = YES;
				SWIFT_VERSION = 5.0;
			};
			name = Debug;
		};
		492F227028D6B86E009A4CEF /* Release */ = {
			isa = XCBuildConfiguration;
			buildSettings = {
				ASSETCATALOG_COMPILER_APPICON_NAME = AppIcon;
				ASSETCATALOG_COMPILER_GLOBAL_ACCENT_COLOR_NAME = AccentColor;
				CODE_SIGN_ENTITLEMENTS = macOS/macOS.entitlements;
				CODE_SIGN_STYLE = Automatic;
				COMBINE_HIDPI_IMAGES = YES;
				CURRENT_PROJECT_VERSION = 1;
				DEVELOPMENT_TEAM = KMFMXZKJMP;
				ENABLE_HARDENED_RUNTIME = YES;
				ENABLE_PREVIEWS = YES;
				GENERATE_INFOPLIST_FILE = YES;
				INFOPLIST_KEY_NSHumanReadableCopyright = "";
				LD_RUNPATH_SEARCH_PATHS = (
					"$(inherited)",
					"@executable_path/../Frameworks",
				);
				MACOSX_DEPLOYMENT_TARGET = 12.3;
				MARKETING_VERSION = 1.0;
				PRODUCT_BUNDLE_IDENTIFIER = com.egample.profile01;
				PRODUCT_NAME = profile01;
				SDKROOT = macosx;
				SWIFT_EMIT_LOC_STRINGS = YES;
				SWIFT_VERSION = 5.0;
			};
			name = Release;
		};
		492F227228D6B86E009A4CEF /* Debug */ = {
			isa = XCBuildConfiguration;
			buildSettings = {
				ALWAYS_EMBED_SWIFT_STANDARD_LIBRARIES = YES;
				CODE_SIGN_STYLE = Automatic;
				CURRENT_PROJECT_VERSION = 1;
				DEVELOPMENT_TEAM = KMFMXZKJMP;
				GENERATE_INFOPLIST_FILE = YES;
				IPHONEOS_DEPLOYMENT_TARGET = 15.5;
				MARKETING_VERSION = 1.0;
				PRODUCT_BUNDLE_IDENTIFIER = "com.egample.Tests-iOS";
				PRODUCT_NAME = "$(TARGET_NAME)";
				SDKROOT = iphoneos;
				SWIFT_EMIT_LOC_STRINGS = NO;
				SWIFT_VERSION = 5.0;
				TARGETED_DEVICE_FAMILY = "1,2";
				TEST_TARGET_NAME = "profile01 (iOS)";
			};
			name = Debug;
		};
		492F227328D6B86E009A4CEF /* Release */ = {
			isa = XCBuildConfiguration;
			buildSettings = {
				ALWAYS_EMBED_SWIFT_STANDARD_LIBRARIES = YES;
				CODE_SIGN_STYLE = Automatic;
				CURRENT_PROJECT_VERSION = 1;
				DEVELOPMENT_TEAM = KMFMXZKJMP;
				GENERATE_INFOPLIST_FILE = YES;
				IPHONEOS_DEPLOYMENT_TARGET = 15.5;
				MARKETING_VERSION = 1.0;
				PRODUCT_BUNDLE_IDENTIFIER = "com.egample.Tests-iOS";
				PRODUCT_NAME = "$(TARGET_NAME)";
				SDKROOT = iphoneos;
				SWIFT_EMIT_LOC_STRINGS = NO;
				SWIFT_VERSION = 5.0;
				TARGETED_DEVICE_FAMILY = "1,2";
				TEST_TARGET_NAME = "profile01 (iOS)";
				VALIDATE_PRODUCT = YES;
			};
			name = Release;
		};
		492F227528D6B86E009A4CEF /* Debug */ = {
			isa = XCBuildConfiguration;
			buildSettings = {
				ALWAYS_EMBED_SWIFT_STANDARD_LIBRARIES = YES;
				CODE_SIGN_STYLE = Automatic;
				CURRENT_PROJECT_VERSION = 1;
				DEVELOPMENT_TEAM = KMFMXZKJMP;
				GENERATE_INFOPLIST_FILE = YES;
				MACOSX_DEPLOYMENT_TARGET = 12.3;
				MARKETING_VERSION = 1.0;
				PRODUCT_BUNDLE_IDENTIFIER = "com.egample.Tests-macOS";
				PRODUCT_NAME = "$(TARGET_NAME)";
				SDKROOT = macosx;
				SWIFT_EMIT_LOC_STRINGS = NO;
				SWIFT_VERSION = 5.0;
				TEST_TARGET_NAME = "profile01 (macOS)";
			};
			name = Debug;
		};
		492F227628D6B86E009A4CEF /* Release */ = {
			isa = XCBuildConfiguration;
			buildSettings = {
				ALWAYS_EMBED_SWIFT_STANDARD_LIBRARIES = YES;
				CODE_SIGN_STYLE = Automatic;
				CURRENT_PROJECT_VERSION = 1;
				DEVELOPMENT_TEAM = KMFMXZKJMP;
				GENERATE_INFOPLIST_FILE = YES;
				MACOSX_DEPLOYMENT_TARGET = 12.3;
				MARKETING_VERSION = 1.0;
				PRODUCT_BUNDLE_IDENTIFIER = "com.egample.Tests-macOS";
				PRODUCT_NAME = "$(TARGET_NAME)";
				SDKROOT = macosx;
				SWIFT_EMIT_LOC_STRINGS = NO;
				SWIFT_VERSION = 5.0;
				TEST_TARGET_NAME = "profile01 (macOS)";
			};
			name = Release;
		};
/* End XCBuildConfiguration section */

/* Begin XCConfigurationList section */
		492F223928D6B86D009A4CEF /* Build configuration list for PBXProject "profile01" */ = {
			isa = XCConfigurationList;
			buildConfigurations = (
				492F226928D6B86E009A4CEF /* Debug */,
				492F226A28D6B86E009A4CEF /* Release */,
			);
			defaultConfigurationIsVisible = 0;
			defaultConfigurationName = Release;
		};
		492F226B28D6B86E009A4CEF /* Build configuration list for PBXNativeTarget "profile01 (iOS)" */ = {
			isa = XCConfigurationList;
			buildConfigurations = (
				492F226C28D6B86E009A4CEF /* Debug */,
				492F226D28D6B86E009A4CEF /* Release */,
			);
			defaultConfigurationIsVisible = 0;
			defaultConfigurationName = Release;
		};
		492F226E28D6B86E009A4CEF /* Build configuration list for PBXNativeTarget "profile01 (macOS)" */ = {
			isa = XCConfigurationList;
			buildConfigurations = (
				492F226F28D6B86E009A4CEF /* Debug */,
				492F227028D6B86E009A4CEF /* Release */,
			);
			defaultConfigurationIsVisible = 0;
			defaultConfigurationName = Release;
		};
		492F227128D6B86E009A4CEF /* Build configuration list for PBXNativeTarget "Tests iOS" */ = {
			isa = XCConfigurationList;
			buildConfigurations = (
				492F227228D6B86E009A4CEF /* Debug */,
				492F227328D6B86E009A4CEF /* Release */,
			);
			defaultConfigurationIsVisible = 0;
			defaultConfigurationName = Release;
		};
		492F227428D6B86E009A4CEF /* Build configuration list for PBXNativeTarget "Tests macOS" */ = {
			isa = XCConfigurationList;
			buildConfigurations = (
				492F227528D6B86E009A4CEF /* Debug */,
				492F227628D6B86E009A4CEF /* Release */,
			);
			defaultConfigurationIsVisible = 0;
			defaultConfigurationName = Release;
		};
/* End XCConfigurationList section */
	};
	rootObject = 492F223628D6B86D009A4CEF /* Project object */;
}
